
Microsoft Visual Studio Solution File, Format Version 12.00
# Visual Studio Version 17
VisualStudioVersion = 17.3.32804.467
MinimumVisualStudioVersion = 10.0.40219.1
Project("{FAE04EC0-301F-11D3-BF4B-00C04F79EFBC}") = "yt-dlp_gui", "yt-dlp_gui\yt-dlp_gui.csproj", "{4F9346A3-9802-4BD7-88F0-6C3109C810FD}"
EndProject
Global
	GlobalSection(SolutionConfigurationPlatforms) = preSolution
		Debug|Any CPU = Debug|Any CPU
		Release|Any CPU = Release|Any CPU
	EndGlobalSection
	GlobalSection(ProjectConfigurationPlatforms) = postSolution
		{4F9346A3-9802-4BD7-88F0-6C3109C810FD}.Debug|Any CPU.ActiveCfg = Debug|Any CPU
		{4F9346A3-9802-4BD7-88F0-6C3109C810FD}.Debug|Any CPU.Build.0 = Debug|Any CPU
		{4F9346A3-9802-4BD7-88F0-6C3109C810FD}.Release|Any CPU.ActiveCfg = Release|Any CPU
		{4F9346A3-9802-4BD7-88F0-6C3109C810FD}.Release|Any CPU.Build.0 = Release|Any CPU
	EndGlobalSection
	GlobalSection(SolutionProperties) = preSolution
		HideSolutionNode = FALSE
	EndGlobalSection
	GlobalSection(ExtensibilityGlobals) = postSolution
		SolutionGuid = {9D4CCB92-C001-4EFA-8F50-6FE09B8EAC6D}
	EndGlobalSection
EndGlobal
